// !$*UTF8*$!
{
	archiveVersion = 1;
	classes = {
	};
	objectVersion = 48;
	objects = {

/* Begin PBXBuildFile section */
		1164EC4B1FA0653A00CAB3D9 /* AppDelegate.swift in Sources */ = {isa = PBXBuildFile; fileRef = 1164EC4A1FA0653A00CAB3D9 /* AppDelegate.swift */; };
		1164EC4D1FA0653B00CAB3D9 /* ViewController.swift in Sources */ = {isa = PBXBuildFile; fileRef = 1164EC4C1FA0653B00CAB3D9 /* ViewController.swift */; };
		1164EC501FA0653B00CAB3D9 /* Main.storyboard in Resources */ = {isa = PBXBuildFile; fileRef = 1164EC4E1FA0653B00CAB3D9 /* Main.storyboard */; };
		1164EC521FA0653B00CAB3D9 /* Assets.xcassets in Resources */ = {isa = PBXBuildFile; fileRef = 1164EC511FA0653B00CAB3D9 /* Assets.xcassets */; };
		1164EC551FA0653B00CAB3D9 /* LaunchScreen.storyboard in Resources */ = {isa = PBXBuildFile; fileRef = 1164EC531FA0653B00CAB3D9 /* LaunchScreen.storyboard */; };
		1164EC5D1FA0654C00CAB3D9 /* Section.swift in Sources */ = {isa = PBXBuildFile; fileRef = 1164EC5C1FA0654C00CAB3D9 /* Section.swift */; };
		1164EC5F1FA065F400CAB3D9 /* ExpandableHeaderView.swift in Sources */ = {isa = PBXBuildFile; fileRef = 1164EC5E1FA065F400CAB3D9 /* ExpandableHeaderView.swift */; };
/* End PBXBuildFile section */

/* Begin PBXFileReference section */
		1164EC471FA0653A00CAB3D9 /* TableViewTouchDown.app */ = {isa = PBXFileReference; explicitFileType = wrapper.application; includeInIndex = 0; path = TableViewTouchDown.app; sourceTree = BUILT_PRODUCTS_DIR; };
		1164EC4A1FA0653A00CAB3D9 /* AppDelegate.swift */ = {isa = PBXFileReference; lastKnownFileType = sourcecode.swift; path = AppDelegate.swift; sourceTree = "<group>"; };
		1164EC4C1FA0653B00CAB3D9 /* ViewController.swift */ = {isa = PBXFileReference; lastKnownFileType = sourcecode.swift; path = ViewController.swift; sourceTree = "<group>"; };
		1164EC4F1FA0653B00CAB3D9 /* Base */ = {isa = PBXFileReference; lastKnownFileType = file.storyboard; name = Base; path = Base.lproj/Main.storyboard; sourceTree = "<group>"; };
		1164EC511FA0653B00CAB3D9 /* Assets.xcassets */ = {isa = PBXFileReference; lastKnownFileType = folder.assetcatalog; path = Assets.xcassets; sourceTree = "<group>"; };
		1164EC541FA0653B00CAB3D9 /* Base */ = {isa = PBXFileReference; lastKnownFileType = file.storyboard; name = Base; path = Base.lproj/LaunchScreen.storyboard; sourceTree = "<group>"; };
		1164EC561FA0653B00CAB3D9 /* Info.plist */ = {isa = PBXFileReference; lastKnownFileType = text.plist.xml; path = Info.plist; sourceTree = "<group>"; };
		1164EC5C1FA0654C00CAB3D9 /* Section.swift */ = {isa = PBXFileReference; lastKnownFileType = sourcecode.swift; path = Section.swift; sourceTree = "<group>"; };
		1164EC5E1FA065F400CAB3D9 /* ExpandableHeaderView.swift */ = {isa = PBXFileReference; lastKnownFileType = sourcecode.swift; path = ExpandableHeaderView.swift; sourceTree = "<group>"; };
/* End PBXFileReference section */

/* Begin PBXFrameworksBuildPhase section */
		1164EC441FA0653A00CAB3D9 /* Frameworks */ = {
			isa = PBXFrameworksBuildPhase;
			buildActionMask = 2147483647;
			files = (
			);
			runOnlyForDeploymentPostprocessing = 0;
		};
/* End PBXFrameworksBuildPhase section */

/* Begin PBXGroup section */
		112BBC1A1FA43E2F000B8293 /* Modal */ = {
			isa = PBXGroup;
			children = (
				1164EC5C1FA0654C00CAB3D9 /* Section.swift */,
			);
			path = Modal;
			sourceTree = "<group>";
		};
		1164EC3E1FA0653A00CAB3D9 = {
			isa = PBXGroup;
			children = (
				1164EC491FA0653A00CAB3D9 /* TableViewTouchDown */,
				1164EC481FA0653A00CAB3D9 /* Products */,
			);
			sourceTree = "<group>";
		};
		1164EC481FA0653A00CAB3D9 /* Products */ = {
			isa = PBXGroup;
			children = (
				1164EC471FA0653A00CAB3D9 /* TableViewTouchDown.app */,
			);
			name = Products;
			sourceTree = "<group>";
		};
		1164EC491FA0653A00CAB3D9 /* TableViewTouchDown */ = {
			isa = PBXGroup;
			children = (
				112BBC1A1FA43E2F000B8293 /* Modal */,
				1164EC4A1FA0653A00CAB3D9 /* AppDelegate.swift */,
				1164EC4C1FA0653B00CAB3D9 /* ViewController.swift */,
				1164EC5E1FA065F400CAB3D9 /* ExpandableHeaderView.swift */,
				1164EC4E1FA0653B00CAB3D9 /* Main.storyboard */,
				1164EC511FA0653B00CAB3D9 /* Assets.xcassets */,
				1164EC531FA0653B00CAB3D9 /* LaunchScreen.storyboard */,
				1164EC561FA0653B00CAB3D9 /* Info.plist */,
			);
			path = TableViewTouchDown;
			sourceTree = "<group>";
		};
/* End PBXGroup section */

/* Begin PBXNativeTarget section */
		1164EC461FA0653A00CAB3D9 /* TableViewTouchDown */ = {
			isa = PBXNativeTarget;
			buildConfigurationList = 1164EC591FA0653B00CAB3D9 /* Build configuration list for PBXNativeTarget "TableViewTouchDown" */;
			buildPhases = (
				1164EC431FA0653A00CAB3D9 /* Sources */,
				1164EC441FA0653A00CAB3D9 /* Frameworks */,
				1164EC451FA0653A00CAB3D9 /* Resources */,
			);
			buildRules = (
			);
			dependencies = (
			);
			name = TableViewTouchDown;
			productName = TableViewTouchDown;
			productReference = 1164EC471FA0653A00CAB3D9 /* TableViewTouchDown.app */;
			productType = "com.apple.product-type.application";
		};
/* End PBXNativeTarget section */

/* Begin PBXProject section */
		1164EC3F1FA0653A00CAB3D9 /* Project object */ = {
			isa = PBXProject;
			attributes = {
				LastSwiftUpdateCheck = 0900;
				LastUpgradeCheck = 0900;
				ORGANIZATIONNAME = "Ammy Pandey";
				TargetAttributes = {
					1164EC461FA0653A00CAB3D9 = {
						CreatedOnToolsVersion = 9.0;
						ProvisioningStyle = Automatic;
					};
				};
			};
			buildConfigurationList = 1164EC421FA0653A00CAB3D9 /* Build configuration list for PBXProject "TableViewTouchDown" */;
			compatibilityVersion = "Xcode 8.0";
			developmentRegion = en;
			hasScannedForEncodings = 0;
			knownRegions = (
				en,
				Base,
			);
			mainGroup = 1164EC3E1FA0653A00CAB3D9;
			productRefGroup = 1164EC481FA0653A00CAB3D9 /* Products */;
			projectDirPath = "";
			projectRoot = "";
			targets = (
				1164EC461FA0653A00CAB3D9 /* TableViewTouchDown */,
			);
		};
/* End PBXProject section */

/* Begin PBXResourcesBuildPhase section */
		1164EC451FA0653A00CAB3D9 /* Resources */ = {
			isa = PBXResourcesBuildPhase;
			buildActionMask = 2147483647;
			files = (
				1164EC551FA0653B00CAB3D9 /* LaunchScreen.storyboard in Resources */,
				1164EC521FA0653B00CAB3D9 /* Assets.xcassets in Resources */,
				1164EC501FA0653B00CAB3D9 /* Main.storyboard in Resources */,
			);
			runOnlyForDeploymentPostprocessing = 0;
		};
/* End PBXResourcesBuildPhase section */

/* Begin PBXSourcesBuildPhase section */
		1164EC431FA0653A00CAB3D9 /* Sources */ = {
			isa = PBXSourcesBuildPhase;
			buildActionMask = 2147483647;
			files = (
				1164EC5D1FA0654C00CAB3D9 /* Section.swift in Sources */,
				1164EC5F1FA065F400CAB3D9 /* ExpandableHeaderView.swift in Sources */,
				1164EC4D1FA0653B00CAB3D9 /* ViewController.swift in Sources */,
				1164EC4B1FA0653A00CAB3D9 /* AppDelegate.swift in Sources */,
			);
			runOnlyForDeploymentPostprocessing = 0;
		};
/* End PBXSourcesBuildPhase section */

/* Begin PBXVariantGroup section */
		1164EC4E1FA0653B00CAB3D9 /* Main.storyboard */ = {
			isa = PBXVariantGroup;
			children = (
				1164EC4F1FA0653B00CAB3D9 /* Base */,
			);
			name = Main.storyboard;
			sourceTree = "<group>";
		};
		1164EC531FA0653B00CAB3D9 /* LaunchScreen.storyboard */ = {
			isa = PBXVariantGroup;
			children = (
				1164EC541FA0653B00CAB3D9 /* Base */,
			);
			name = LaunchScreen.storyboard;
			sourceTree = "<group>";
		};
/* End PBXVariantGroup section */

/* Begin XCBuildConfiguration section */
		1164EC571FA0653B00CAB3D9 /* Debug */ = {
			isa = XCBuildConfiguration;
			buildSettings = {
				ALWAYS_SEARCH_USER_PATHS = NO;
				CLANG_ANALYZER_NONNULL = YES;
				CLANG_ANALYZER_NUMBER_OBJECT_CONVERSION = YES_AGGRESSIVE;
				CLANG_CXX_LANGUAGE_STANDARD = "gnu++14";
				CLANG_CXX_LIBRARY = "libc++";
				CLANG_ENABLE_MODULES = YES;
				CLANG_ENABLE_OBJC_ARC = YES;
				CLANG_WARN_BLOCK_CAPTURE_AUTORELEASING = YES;
				CLANG_WARN_BOOL_CONVERSION = YES;
				CLANG_WARN_COMMA = YES;
				CLANG_WARN_CONSTANT_CONVERSION = YES;
				CLANG_WARN_DIRECT_OBJC_ISA_USAGE = YES_ERROR;
				CLANG_WARN_DOCUMENTATION_COMMENTS = YES;
				CLANG_WARN_EMPTY_BODY = YES;
				CLANG_WARN_ENUM_CONVERSION = YES;
				CLANG_WARN_INFINITE_RECURSION = YES;
				CLANG_WARN_INT_CONVERSION = YES;
				CLANG_WARN_NON_LITERAL_NULL_CONVERSION = YES;
				CLANG_WARN_OBJC_LITERAL_CONVERSION = YES;
				CLANG_WARN_OBJC_ROOT_CLASS = YES_ERROR;
				CLANG_WARN_RANGE_LOOP_ANALYSIS = YES;
				CLANG_WARN_STRICT_PROTOTYPES = YES;
				CLANG_WARN_SUSPICIOUS_MOVE = YES;
				CLANG_WARN_UNGUARDED_AVAILABILITY = YES_AGGRESSIVE;
				CLANG_WARN_UNREACHABLE_CODE = YES;
				CLANG_WARN__DUPLICATE_METHOD_MATCH = YES;
				CODE_SIGN_IDENTITY = "iPhone Developer";
				COPY_PHASE_STRIP = NO;
				DEBUG_INFORMATION_FORMAT = dwarf;
				ENABLE_STRICT_OBJC_MSGSEND = YES;
				ENABLE_TESTABILITY = YES;
				GCC_C_LANGUAGE_STANDARD = gnu11;
				GCC_DYNAMIC_NO_PIC = NO;
				GCC_NO_COMMON_BLOCKS = YES;
				GCC_OPTIMIZATION_LEVEL = 0;
				GCC_PREPROCESSOR_DEFINITIONS = (
					"DEBUG=1",
					"$(inherited)",
				);
				GCC_WARN_64_TO_32_BIT_CONVERSION = YES;
				GCC_WARN_ABOUT_RETURN_TYPE = YES_ERROR;
				GCC_WARN_UNDECLARED_SELECTOR = YES;
				GCC_WARN_UNINITIALIZED_AUTOS = YES_AGGRESSIVE;
				GCC_WARN_UNUSED_FUNCTION = YES;
				GCC_WARN_UNUSED_VARIABLE = YES;
				IPHONEOS_DEPLOYMENT_TARGET = 11.0;
				MTL_ENABLE_DEBUG_INFO = YES;
				ONLY_ACTIVE_ARCH = YES;
				SDKROOT = iphoneos;
				SWIFT_ACTIVE_COMPILATION_CONDITIONS = DEBUG;
				SWIFT_OPTIMIZATION_LEVEL = "-Onone";
			};
			name = Debug;
		};
		1164EC581FA0653B00CAB3D9 /* Release */ = {
			isa = XCBuildConfiguration;
			buildSettings = {
				ALWAYS_SEARCH_USER_PATHS = NO;
				CLANG_ANALYZER_NONNULL = YES;
				CLANG_ANALYZER_NUMBER_OBJECT_CONVERSION = YES_AGGRESSIVE;
				CLANG_CXX_LANGUAGE_STANDARD = "gnu++14";
				CLANG_CXX_LIBRARY = "libc++";
				CLANG_ENABLE_MODULES = YES;
				CLANG_ENABLE_OBJC_ARC = YES;
				CLANG_WARN_BLOCK_CAPTURE_AUTORELEASING = YES;
				CLANG_WARN_BOOL_CONVERSION = YES;
				CLANG_WARN_COMMA = YES;
				CLANG_WARN_CONSTANT_CONVERSION = YES;
				CLANG_WARN_DIRECT_OBJC_ISA_USAGE = YES_ERROR;
				CLANG_WARN_DOCUMENTATION_COMMENTS = YES;
				CLANG_WARN_EMPTY_BODY = YES;
				CLANG_WARN_ENUM_CONVERSION = YES;
				CLANG_WARN_INFINITE_RECURSION = YES;
				CLANG_WARN_INT_CONVERSION = YES;
				CLANG_WARN_NON_LITERAL_NULL_CONVERSION = YES;
				CLANG_WARN_OBJC_LITERAL_CONVERSION = YES;
				CLANG_WARN_OBJC_ROOT_CLASS = YES_ERROR;
				CLANG_WARN_RANGE_LOOP_ANALYSIS = YES;
				CLANG_WARN_STRICT_PROTOTYPES = YES;
				CLANG_WARN_SUSPICIOUS_MOVE = YES;
				CLANG_WARN_UNGUARDED_AVAILABILITY = YES_AGGRESSIVE;
				CLANG_WARN_UNREACHABLE_CODE = YES;
				CLANG_WARN__DUPLICATE_METHOD_MATCH = YES;
				CODE_SIGN_IDENTITY = "iPhone Developer";
				COPY_PHASE_STRIP = NO;
				DEBUG_INFORMATION_FORMAT = "dwarf-with-dsym";
				ENABLE_NS_ASSERTIONS = NO;
				ENABLE_STRICT_OBJC_MSGSEND = YES;
				GCC_C_LANGUAGE_STANDARD = gnu11;
				GCC_NO_COMMON_BLOCKS = YES;
				GCC_WARN_64_TO_32_BIT_CONVERSION = YES;
				GCC_WARN_ABOUT_RETURN_TYPE = YES_ERROR;
				GCC_WARN_UNDECLARED_SELECTOR = YES;
				GCC_WARN_UNINITIALIZED_AUTOS = YES_AGGRESSIVE;
				GCC_WARN_UNUSED_FUNCTION = YES;
				GCC_WARN_UNUSED_VARIABLE = YES;
				IPHONEOS_DEPLOYMENT_TARGET = 11.0;
				MTL_ENABLE_DEBUG_INFO = NO;
				SDKROOT = iphoneos;
				SWIFT_OPTIMIZATION_LEVEL = "-Owholemodule";
				VALIDATE_PRODUCT = YES;
			};
			name = Release;
		};
		1164EC5A1FA0653B00CAB3D9 /* Debug */ = {
			isa = XCBuildConfiguration;
			buildSettings = {
				ASSETCATALOG_COMPILER_APPICON_NAME = AppIcon;
				CODE_SIGN_STYLE = Automatic;
				INFOPLIST_FILE = TableViewTouchDown/Info.plist;
				LD_RUNPATH_SEARCH_PATHS = "$(inherited) @executable_path/Frameworks";
				PRODUCT_BUNDLE_IDENTIFIER = Ammy.TableViewTouchDown;
				PRODUCT_NAME = "$(TARGET_NAME)";
				SWIFT_VERSION = 4.0;
				TARGETED_DEVICE_FAMILY = "1,2";
			};
			name = Debug;
		};
		1164EC5B1FA0653B00CAB3D9 /* Release */ = {
			isa = XCBuildConfiguration;
			buildSettings = {
				ASSETCATALOG_COMPILER_APPICON_NAME = AppIcon;
				CODE_SIGN_STYLE = Automatic;
				INFOPLIST_FILE = TableViewTouchDown/Info.plist;
				LD_RUNPATH_SEARCH_PATHS = "$(inherited) @executable_path/Frameworks";
				PRODUCT_BUNDLE_IDENTIFIER = Ammy.TableViewTouchDown;
				PRODUCT_NAME = "$(TARGET_NAME)";
				SWIFT_VERSION = 4.0;
				TARGETED_DEVICE_FAMILY = "1,2";
			};
			name = Release;
		};
/* End XCBuildConfiguration section */

/* Begin XCConfigurationList section */
		1164EC421FA0653A00CAB3D9 /* Build configuration list for PBXProject "TableViewTouchDown" */ = {
			isa = XCConfigurationList;
			buildConfigurations = (
				1164EC571FA0653B00CAB3D9 /* Debug */,
				1164EC581FA0653B00CAB3D9 /* Release */,
			);
			defaultConfigurationIsVisible = 0;
			defaultConfigurationName = Release;
		};
		1164EC591FA0653B00CAB3D9 /* Build configuration list for PBXNativeTarget "TableViewTouchDown" */ = {
			isa = XCConfigurationList;
			buildConfigurations = (
				1164EC5A1FA0653B00CAB3D9 /* Debug */,
				1164EC5B1FA0653B00CAB3D9 /* Release */,
			);
			defaultConfigurationIsVisible = 0;
			defaultConfigurationName = Release;
		};
/* End XCConfigurationList section */
	};
	rootObject = 1164EC3F1FA0653A00CAB3D9 /* Project object */;
}
